# This file is autogenerated, do not edit; changes may be undone by the next 'dep ensure'.


[[projects]]
  branch = "2.x"
  digest = "1:5fb9305900d6f7c94d6f663880185504bb0ac9b149d02f73966a31ed04000ebb"
  name = "github.com/Masterminds/semver"
  packages = ["."]
  pruneopts = "UT"
  revision = "3c92f33da7a84de8314f3ff82e5f919b89fd1492"

[[projects]]
  digest = "1:e8e97d3c5df6c44e650dbf87090ad7cba352415574067214c2f0ff8964c43869"
  name = "github.com/Masterminds/vcs"
  packages = ["."]
  pruneopts = "UT"
  revision = "6f1c6d150500e452704e9863f68c2559f58616bf"
  version = "v1.12.0"

[[projects]]
  digest = "1:c47f4964978e211c6e566596ec6246c329912ea92e9bb99c00798bb4564c5b09"
  name = "github.com/armon/go-radix"
  packages = ["."]
  pruneopts = "UT"
  revision = "1a2de0c21c94309923825da3df33a4381872c795"
  version = "v1.0.0"

[[projects]]
  digest = "1:0f98f59e9a2f4070d66f0c9c39561f68fcd1dc837b22a852d28d0003aebd1b1e"
  name = "github.com/boltdb/bolt"
  packages = ["."]
  pruneopts = "UT"
  revision = "2f1ce7a837dcb8da3ec595b1dac9d0632f0f99e8"
  version = "v1.3.1"

[[projects]]
  digest = "1:20b968c62e8380dd8a74408ea2d7c406cd9626622f60d1bfb8dfcbd1cf7f6998"
  name = "github.com/golang/dep"
  packages = [
    ".",
    "gps",
    "gps/internal/pb",
    "gps/paths",
    "gps/pkgtree",
    "gps/verify",
    "internal/feedback",
    "internal/fs",
    "internal/importers",
    "internal/importers/base",
    "internal/importers/glide",
    "internal/importers/glock",
    "internal/importers/godep",
    "internal/importers/govend",
    "internal/importers/govendor",
    "internal/importers/gvt",
    "internal/importers/importertest",
    "internal/importers/vndr",
    "internal/test",
    "internal/test/integration",
  ]
  pruneopts = "UT"
  revision = "224a564abe296670b692fe08bb63a3e4c4ad7978"
  version = "v0.5.0"

[[projects]]
  digest = "1:97df918963298c287643883209a2c3f642e6593379f97ab400c2a2e219ab647d"
  name = "github.com/golang/protobuf"
  packages = ["proto"]
  pruneopts = "UT"
  revision = "aa810b61a9c79d51363740d207bb46cf8e620ed5"
  version = "v1.2.0"

[[projects]]
  digest = "1:dcb3e2ad17349c0cc89ffc16692d05195e6a67b4924fe81760fba9a307a7271d"
  name = "github.com/jmank88/nuts"
  packages = ["."]
  pruneopts = "UT"
  revision = "8b28145dffc87104e66d074f62ea8080edfad7c8"
  version = "v0.3.0"

[[projects]]
  branch = "master"
  digest = "1:6491080aa184f88c2bb8e2f6056e5e0e9a578b2d8666efbd6e97bc37a0c41e72"
  name = "github.com/nightlyone/lockfile"
  packages = ["."]
  pruneopts = "UT"
  revision = "0ad87eef1443f64d3d8c50da647e2b1552851124"

[[projects]]
  digest = "1:95741de3af260a92cc5c7f3f3061e85273f5a81b5db20d4bd68da74bd521675e"
  name = "github.com/pelletier/go-toml"
  packages = ["."]
  pruneopts = "UT"
  revision = "c01d1270ff3e442a8a57cddc1c92dc1138598194"
  version = "v1.2.0"

[[projects]]
  digest = "1:cf31692c14422fa27c83a05292eb5cbe0fb2775972e8f1f8446a71549bd8980b"
  name = "github.com/pkg/errors"
  packages = ["."]
  pruneopts = "UT"
  revision = "ba968bfe8b2f7e042a574c888954fccecfa385b4"
  version = "v0.8.1"

[[projects]]
  branch = "master"
  digest = "1:3b2f0fcb35e10e0f7845f2182e4dd22f5a6fe3db5d1044ca815d646992a2444f"
  name = "github.com/sdboyer/constext"
  packages = ["."]
  pruneopts = "UT"
  revision = "836a144573533ea4da4e6929c235fd348aed1c80"

[[projects]]
  branch = "master"
  digest = "1:b521f10a2d8fa85c04a8ef4e62f2d1e14d303599a55d64dabf9f5a02f84d35eb"
  name = "golang.org/x/sync"
  packages = ["errgroup"]
  pruneopts = "UT"
  revision = "37e7f081c4d4c64e13b10787722085407fe5d15f"

[[projects]]
  branch = "master"
  digest = "1:8b466798e96432c23185ca32826702885299f94eb644c9a8dedb79771dff383a"
  name = "golang.org/x/sys"
  packages = ["unix"]
  pruneopts = "UT"
  revision = "3b5209105503162ded1863c307ac66fec31120dd"

[[projects]]
  digest = "1:4d2e5a73dc1500038e504a8d78b986630e3626dc027bc030ba5c75da257cdb96"
  name = "gopkg.in/yaml.v2"
  packages = ["."]
  pruneopts = "UT"
  revision = "51d6538a90f86fe93ac480b35f37b2be17fef232"
  version = "v2.2.2"

[solve-meta]
  analyzer-name = "dep"
  analyzer-version = 1
  input-imports = [
    "github.com/Masterminds/semver",
    "github.com/Masterminds/vcs",
    "github.com/armon/go-radix",
    "github.com/boltdb/bolt",
    "github.com/golang/dep",
    "github.com/golang/dep/gps",
    "github.com/golang/dep/gps/internal/pb",
    "github.com/golang/dep/gps/paths",
    "github.com/golang/dep/gps/pkgtree",
    "github.com/golang/dep/gps/verify",
    "github.com/golang/dep/internal/feedback",
    "github.com/golang/dep/internal/fs",
    "github.com/golang/dep/internal/importers",
    "github.com/golang/dep/internal/importers/base",
    "github.com/golang/dep/internal/importers/glide",
    "github.com/golang/dep/internal/importers/glock",
    "github.com/golang/dep/internal/importers/godep",
    "github.com/golang/dep/internal/importers/govend",
    "github.com/golang/dep/internal/importers/govendor",
    "github.com/golang/dep/internal/importers/gvt",
    "github.com/golang/dep/internal/importers/importertest",
    "github.com/golang/dep/internal/importers/vndr",
    "github.com/golang/dep/internal/test",
    "github.com/golang/dep/internal/test/integration",
    "github.com/golang/protobuf/proto",
    "github.com/jmank88/nuts",
    "github.com/nightlyone/lockfile",
    "github.com/pelletier/go-toml",
    "github.com/pkg/errors",
    "github.com/sdboyer/constext",
    "golang.org/x/sync/errgroup",
    "golang.org/x/sys/unix",
    "gopkg.in/yaml.v2",
  ]
  solver-name = "gps-cdcl"
  solver-version = 1
